// !$*UTF8*$!
{
	archiveVersion = 1;
	classes = {
	};
	objectVersion = 56;
	objects = {

/* Begin PBXBuildFile section */
		103BAE24290C6D6F0075AA61 /* DataModel.xcdatamodeld in Sources */ = {isa = PBXBuildFile; fileRef = 103BAE22290C6D6F0075AA61 /* DataModel.xcdatamodeld */; };
		104D3DBB290CEB11007A9A79 /* SwiftOTP in Frameworks */ = {isa = PBXBuildFile; productRef = 104D3DBA290CEB11007A9A79 /* SwiftOTP */; };
		108FF775290A2EC500B199F3 /* OTPManager.swift in Sources */ = {isa = PBXBuildFile; fileRef = 108FF774290A2EC500B199F3 /* OTPManager.swift */; };
		108FF77A290A47C700B199F3 /* OTPViewController.swift in Sources */ = {isa = PBXBuildFile; fileRef = 108FF779290A47C600B199F3 /* OTPViewController.swift */; };
		10F3A3C9290A296F00D72947 /* AppDelegate.swift in Sources */ = {isa = PBXBuildFile; fileRef = 10F3A3C8290A296F00D72947 /* AppDelegate.swift */; };
		10F3A3CB290A296F00D72947 /* SceneDelegate.swift in Sources */ = {isa = PBXBuildFile; fileRef = 10F3A3CA290A296F00D72947 /* SceneDelegate.swift */; };
		10F3A3CD290A296F00D72947 /* ViewController.swift in Sources */ = {isa = PBXBuildFile; fileRef = 10F3A3CC290A296F00D72947 /* ViewController.swift */; };
		10F3A3D0290A296F00D72947 /* Main.storyboard in Resources */ = {isa = PBXBuildFile; fileRef = 10F3A3CE290A296F00D72947 /* Main.storyboard */; };
		10F3A3D2290A297100D72947 /* Assets.xcassets in Resources */ = {isa = PBXBuildFile; fileRef = 10F3A3D1290A297100D72947 /* Assets.xcassets */; };
		10F3A3D5290A297100D72947 /* LaunchScreen.storyboard in Resources */ = {isa = PBXBuildFile; fileRef = 10F3A3D3290A297100D72947 /* LaunchScreen.storyboard */; };
		10F3A3E4290A2BB600D72947 /* Observable.swift in Sources */ = {isa = PBXBuildFile; fileRef = 10F3A3E3290A2BB600D72947 /* Observable.swift */; };
		10F56133290AE22800D60B07 /* OTPCell.swift in Sources */ = {isa = PBXBuildFile; fileRef = 10F56131290AE22800D60B07 /* OTPCell.swift */; };
		10F56134290AE22800D60B07 /* OTPCell.xib in Resources */ = {isa = PBXBuildFile; fileRef = 10F56132290AE22800D60B07 /* OTPCell.xib */; };
/* End PBXBuildFile section */

/* Begin PBXFileReference section */
		103BAE23290C6D6F0075AA61 /* DataModel.xcdatamodel */ = {isa = PBXFileReference; lastKnownFileType = wrapper.xcdatamodel; path = DataModel.xcdatamodel; sourceTree = "<group>"; };
		108FF774290A2EC500B199F3 /* OTPManager.swift */ = {isa = PBXFileReference; lastKnownFileType = sourcecode.swift; path = OTPManager.swift; sourceTree = "<group>"; };
		108FF779290A47C600B199F3 /* OTPViewController.swift */ = {isa = PBXFileReference; lastKnownFileType = sourcecode.swift; path = OTPViewController.swift; sourceTree = "<group>"; };
		10F3A3C5290A296F00D72947 /* 2FA iOS App.app */ = {isa = PBXFileReference; explicitFileType = wrapper.application; includeInIndex = 0; path = "2FA iOS App.app"; sourceTree = BUILT_PRODUCTS_DIR; };
		10F3A3C8290A296F00D72947 /* AppDelegate.swift */ = {isa = PBXFileReference; lastKnownFileType = sourcecode.swift; path = AppDelegate.swift; sourceTree = "<group>"; };
		10F3A3CA290A296F00D72947 /* SceneDelegate.swift */ = {isa = PBXFileReference; lastKnownFileType = sourcecode.swift; path = SceneDelegate.swift; sourceTree = "<group>"; };
		10F3A3CC290A296F00D72947 /* ViewController.swift */ = {isa = PBXFileReference; lastKnownFileType = sourcecode.swift; path = ViewController.swift; sourceTree = "<group>"; };
		10F3A3CF290A296F00D72947 /* Base */ = {isa = PBXFileReference; lastKnownFileType = file.storyboard; name = Base; path = Base.lproj/Main.storyboard; sourceTree = "<group>"; };
		10F3A3D1290A297100D72947 /* Assets.xcassets */ = {isa = PBXFileReference; lastKnownFileType = folder.assetcatalog; path = Assets.xcassets; sourceTree = "<group>"; };
		10F3A3D4290A297100D72947 /* Base */ = {isa = PBXFileReference; lastKnownFileType = file.storyboard; name = Base; path = Base.lproj/LaunchScreen.storyboard; sourceTree = "<group>"; };
		10F3A3D6290A297100D72947 /* Info.plist */ = {isa = PBXFileReference; lastKnownFileType = text.plist.xml; path = Info.plist; sourceTree = "<group>"; };
		10F3A3E3290A2BB600D72947 /* Observable.swift */ = {isa = PBXFileReference; lastKnownFileType = sourcecode.swift; path = Observable.swift; sourceTree = "<group>"; };
		10F56131290AE22800D60B07 /* OTPCell.swift */ = {isa = PBXFileReference; lastKnownFileType = sourcecode.swift; path = OTPCell.swift; sourceTree = "<group>"; };
		10F56132290AE22800D60B07 /* OTPCell.xib */ = {isa = PBXFileReference; lastKnownFileType = file.xib; path = OTPCell.xib; sourceTree = "<group>"; };
/* End PBXFileReference section */

/* Begin PBXFrameworksBuildPhase section */
		10F3A3C2290A296F00D72947 /* Frameworks */ = {
			isa = PBXFrameworksBuildPhase;
			buildActionMask = 2147483647;
			files = (
				104D3DBB290CEB11007A9A79 /* SwiftOTP in Frameworks */,
			);
			runOnlyForDeploymentPostprocessing = 0;
		};
/* End PBXFrameworksBuildPhase section */

/* Begin PBXGroup section */
		10F3A3BC290A296F00D72947 = {
			isa = PBXGroup;
			children = (
				10F3A3C7290A296F00D72947 /* 2FA iOS App */,
				10F3A3C6290A296F00D72947 /* Products */,
			);
			sourceTree = "<group>";
		};
		10F3A3C6290A296F00D72947 /* Products */ = {
			isa = PBXGroup;
			children = (
				10F3A3C5290A296F00D72947 /* 2FA iOS App.app */,
			);
			name = Products;
			sourceTree = "<group>";
		};
		10F3A3C7290A296F00D72947 /* 2FA iOS App */ = {
			isa = PBXGroup;
			children = (
				10F3A3DD290A299600D72947 /* View */,
				10F3A3DE290A299D00D72947 /* ViewModel */,
				10F3A3DC290A298800D72947 /* Model */,
				10F3A3C8290A296F00D72947 /* AppDelegate.swift */,
				10F3A3CA290A296F00D72947 /* SceneDelegate.swift */,
				10F3A3D1290A297100D72947 /* Assets.xcassets */,
				10F3A3D6290A297100D72947 /* Info.plist */,
			);
			path = "2FA iOS App";
			sourceTree = "<group>";
		};
		10F3A3DC290A298800D72947 /* Model */ = {
			isa = PBXGroup;
			children = (
				108FF774290A2EC500B199F3 /* OTPManager.swift */,
				103BAE22290C6D6F0075AA61 /* DataModel.xcdatamodeld */,
			);
			path = Model;
			sourceTree = "<group>";
		};
		10F3A3DD290A299600D72947 /* View */ = {
			isa = PBXGroup;
			children = (
				10F3A3D3290A297100D72947 /* LaunchScreen.storyboard */,
				10F3A3CE290A296F00D72947 /* Main.storyboard */,
				10F56131290AE22800D60B07 /* OTPCell.swift */,
				10F56132290AE22800D60B07 /* OTPCell.xib */,
			);
			path = View;
			sourceTree = "<group>";
		};
		10F3A3DE290A299D00D72947 /* ViewModel */ = {
			isa = PBXGroup;
			children = (
				10F3A3CC290A296F00D72947 /* ViewController.swift */,
				108FF779290A47C600B199F3 /* OTPViewController.swift */,
				10F3A3E3290A2BB600D72947 /* Observable.swift */,
			);
			path = ViewModel;
			sourceTree = "<group>";
		};
/* End PBXGroup section */

/* Begin PBXNativeTarget section */
		10F3A3C4290A296F00D72947 /* 2FA iOS App */ = {
			isa = PBXNativeTarget;
			buildConfigurationList = 10F3A3D9290A297100D72947 /* Build configuration list for PBXNativeTarget "2FA iOS App" */;
			buildPhases = (
				10F3A3C1290A296F00D72947 /* Sources */,
				10F3A3C2290A296F00D72947 /* Frameworks */,
				10F3A3C3290A296F00D72947 /* Resources */,
			);
			buildRules = (
			);
			dependencies = (
			);
			name = "2FA iOS App";
			packageProductDependencies = (
				104D3DBA290CEB11007A9A79 /* SwiftOTP */,
			);
			productName = "2FA iOS App";
			productReference = 10F3A3C5290A296F00D72947 /* 2FA iOS App.app */;
			productType = "com.apple.product-type.application";
		};
/* End PBXNativeTarget section */

/* Begin PBXProject section */
		10F3A3BD290A296F00D72947 /* Project object */ = {
			isa = PBXProject;
			attributes = {
				BuildIndependentTargetsInParallel = 1;
				LastSwiftUpdateCheck = 1400;
				LastUpgradeCheck = 1400;
				TargetAttributes = {
					10F3A3C4290A296F00D72947 = {
						CreatedOnToolsVersion = 14.0.1;
					};
				};
			};
			buildConfigurationList = 10F3A3C0290A296F00D72947 /* Build configuration list for PBXProject "2FA iOS App" */;
			compatibilityVersion = "Xcode 14.0";
			developmentRegion = en;
			hasScannedForEncodings = 0;
			knownRegions = (
				en,
				Base,
			);
			mainGroup = 10F3A3BC290A296F00D72947;
			packageReferences = (
				104D3DB9290CEB11007A9A79 /* XCRemoteSwiftPackageReference "SwiftOTP" */,
			);
			productRefGroup = 10F3A3C6290A296F00D72947 /* Products */;
			projectDirPath = "";
			projectRoot = "";
			targets = (
				10F3A3C4290A296F00D72947 /* 2FA iOS App */,
			);
		};
/* End PBXProject section */

/* Begin PBXResourcesBuildPhase section */
		10F3A3C3290A296F00D72947 /* Resources */ = {
			isa = PBXResourcesBuildPhase;
			buildActionMask = 2147483647;
			files = (
				10F3A3D5290A297100D72947 /* LaunchScreen.storyboard in Resources */,
				10F3A3D2290A297100D72947 /* Assets.xcassets in Resources */,
				10F3A3D0290A296F00D72947 /* Main.storyboard in Resources */,
				10F56134290AE22800D60B07 /* OTPCell.xib in Resources */,
			);
			runOnlyForDeploymentPostprocessing = 0;
		};
/* End PBXResourcesBuildPhase section */

/* Begin PBXSourcesBuildPhase section */
		10F3A3C1290A296F00D72947 /* Sources */ = {
			isa = PBXSourcesBuildPhase;
			buildActionMask = 2147483647;
			files = (
				10F3A3CD290A296F00D72947 /* ViewController.swift in Sources */,
				108FF775290A2EC500B199F3 /* OTPManager.swift in Sources */,
				10F3A3E4290A2BB600D72947 /* Observable.swift in Sources */,
				10F56133290AE22800D60B07 /* OTPCell.swift in Sources */,
				10F3A3C9290A296F00D72947 /* AppDelegate.swift in Sources */,
				10F3A3CB290A296F00D72947 /* SceneDelegate.swift in Sources */,
				103BAE24290C6D6F0075AA61 /* DataModel.xcdatamodeld in Sources */,
				108FF77A290A47C700B199F3 /* OTPViewController.swift in Sources */,
			);
			runOnlyForDeploymentPostprocessing = 0;
		};
/* End PBXSourcesBuildPhase section */

/* Begin PBXVariantGroup section */
		10F3A3CE290A296F00D72947 /* Main.storyboard */ = {
			isa = PBXVariantGroup;
			children = (
				10F3A3CF290A296F00D72947 /* Base */,
			);
			name = Main.storyboard;
			sourceTree = "<group>";
		};
		10F3A3D3290A297100D72947 /* LaunchScreen.storyboard */ = {
			isa = PBXVariantGroup;
			children = (
				10F3A3D4290A297100D72947 /* Base */,
			);
			name = LaunchScreen.storyboard;
			sourceTree = "<group>";
		};
/* End PBXVariantGroup section */

/* Begin XCBuildConfiguration section */
		10F3A3D7290A297100D72947 /* Debug */ = {
			isa = XCBuildConfiguration;
			buildSettings = {
				ALWAYS_SEARCH_USER_PATHS = NO;
				CLANG_ANALYZER_NONNULL = YES;
				CLANG_ANALYZER_NUMBER_OBJECT_CONVERSION = YES_AGGRESSIVE;
				CLANG_CXX_LANGUAGE_STANDARD = "gnu++20";
				CLANG_ENABLE_MODULES = YES;
				CLANG_ENABLE_OBJC_ARC = YES;
				CLANG_ENABLE_OBJC_WEAK = YES;
				CLANG_WARN_BLOCK_CAPTURE_AUTORELEASING = YES;
				CLANG_WARN_BOOL_CONVERSION = YES;
				CLANG_WARN_COMMA = YES;
				CLANG_WARN_CONSTANT_CONVERSION = YES;
				CLANG_WARN_DEPRECATED_OBJC_IMPLEMENTATIONS = YES;
				CLANG_WARN_DIRECT_OBJC_ISA_USAGE = YES_ERROR;
				CLANG_WARN_DOCUMENTATION_COMMENTS = YES;
				CLANG_WARN_EMPTY_BODY = YES;
				CLANG_WARN_ENUM_CONVERSION = YES;
				CLANG_WARN_INFINITE_RECURSION = YES;
				CLANG_WARN_INT_CONVERSION = YES;
				CLANG_WARN_NON_LITERAL_NULL_CONVERSION = YES;
				CLANG_WARN_OBJC_IMPLICIT_RETAIN_SELF = YES;
				CLANG_WARN_OBJC_LITERAL_CONVERSION = YES;
				CLANG_WARN_OBJC_ROOT_CLASS = YES_ERROR;
				CLANG_WARN_QUOTED_INCLUDE_IN_FRAMEWORK_HEADER = YES;
				CLANG_WARN_RANGE_LOOP_ANALYSIS = YES;
				CLANG_WARN_STRICT_PROTOTYPES = YES;
				CLANG_WARN_SUSPICIOUS_MOVE = YES;
				CLANG_WARN_UNGUARDED_AVAILABILITY = YES_AGGRESSIVE;
				CLANG_WARN_UNREACHABLE_CODE = YES;
				CLANG_WARN__DUPLICATE_METHOD_MATCH = YES;
				COPY_PHASE_STRIP = NO;
				DEBUG_INFORMATION_FORMAT = dwarf;
				ENABLE_STRICT_OBJC_MSGSEND = YES;
				ENABLE_TESTABILITY = YES;
				GCC_C_LANGUAGE_STANDARD = gnu11;
				GCC_DYNAMIC_NO_PIC = NO;
				GCC_NO_COMMON_BLOCKS = YES;
				GCC_OPTIMIZATION_LEVEL = 0;
				GCC_PREPROCESSOR_DEFINITIONS = (
					"DEBUG=1",
					"$(inherited)",
				);
				GCC_WARN_64_TO_32_BIT_CONVERSION = YES;
				GCC_WARN_ABOUT_RETURN_TYPE = YES_ERROR;
				GCC_WARN_UNDECLARED_SELECTOR = YES;
				GCC_WARN_UNINITIALIZED_AUTOS = YES_AGGRESSIVE;
				GCC_WARN_UNUSED_FUNCTION = YES;
				GCC_WARN_UNUSED_VARIABLE = YES;
				IPHONEOS_DEPLOYMENT_TARGET = 16.0;
				MTL_ENABLE_DEBUG_INFO = INCLUDE_SOURCE;
				MTL_FAST_MATH = YES;
				ONLY_ACTIVE_ARCH = YES;
				SDKROOT = iphoneos;
				SWIFT_ACTIVE_COMPILATION_CONDITIONS = DEBUG;
				SWIFT_OPTIMIZATION_LEVEL = "-Onone";
			};
			name = Debug;
		};
		10F3A3D8290A297100D72947 /* Release */ = {
			isa = XCBuildConfiguration;
			buildSettings = {
				ALWAYS_SEARCH_USER_PATHS = NO;
				CLANG_ANALYZER_NONNULL = YES;
				CLANG_ANALYZER_NUMBER_OBJECT_CONVERSION = YES_AGGRESSIVE;
				CLANG_CXX_LANGUAGE_STANDARD = "gnu++20";
				CLANG_ENABLE_MODULES = YES;
				CLANG_ENABLE_OBJC_ARC = YES;
				CLANG_ENABLE_OBJC_WEAK = YES;
				CLANG_WARN_BLOCK_CAPTURE_AUTORELEASING = YES;
				CLANG_WARN_BOOL_CONVERSION = YES;
				CLANG_WARN_COMMA = YES;
				CLANG_WARN_CONSTANT_CONVERSION = YES;
				CLANG_WARN_DEPRECATED_OBJC_IMPLEMENTATIONS = YES;
				CLANG_WARN_DIRECT_OBJC_ISA_USAGE = YES_ERROR;
				CLANG_WARN_DOCUMENTATION_COMMENTS = YES;
				CLANG_WARN_EMPTY_BODY = YES;
				CLANG_WARN_ENUM_CONVERSION = YES;
				CLANG_WARN_INFINITE_RECURSION = YES;
				CLANG_WARN_INT_CONVERSION = YES;
				CLANG_WARN_NON_LITERAL_NULL_CONVERSION = YES;
				CLANG_WARN_OBJC_IMPLICIT_RETAIN_SELF = YES;
				CLANG_WARN_OBJC_LITERAL_CONVERSION = YES;
				CLANG_WARN_OBJC_ROOT_CLASS = YES_ERROR;
				CLANG_WARN_QUOTED_INCLUDE_IN_FRAMEWORK_HEADER = YES;
				CLANG_WARN_RANGE_LOOP_ANALYSIS = YES;
				CLANG_WARN_STRICT_PROTOTYPES = YES;
				CLANG_WARN_SUSPICIOUS_MOVE = YES;
				CLANG_WARN_UNGUARDED_AVAILABILITY = YES_AGGRESSIVE;
				CLANG_WARN_UNREACHABLE_CODE = YES;
				CLANG_WARN__DUPLICATE_METHOD_MATCH = YES;
				COPY_PHASE_STRIP = NO;
				DEBUG_INFORMATION_FORMAT = "dwarf-with-dsym";
				ENABLE_NS_ASSERTIONS = NO;
				ENABLE_STRICT_OBJC_MSGSEND = YES;
				GCC_C_LANGUAGE_STANDARD = gnu11;
				GCC_NO_COMMON_BLOCKS = YES;
				GCC_WARN_64_TO_32_BIT_CONVERSION = YES;
				GCC_WARN_ABOUT_RETURN_TYPE = YES_ERROR;
				GCC_WARN_UNDECLARED_SELECTOR = YES;
				GCC_WARN_UNINITIALIZED_AUTOS = YES_AGGRESSIVE;
				GCC_WARN_UNUSED_FUNCTION = YES;
				GCC_WARN_UNUSED_VARIABLE = YES;
				IPHONEOS_DEPLOYMENT_TARGET = 16.0;
				MTL_ENABLE_DEBUG_INFO = NO;
				MTL_FAST_MATH = YES;
				SDKROOT = iphoneos;
				SWIFT_COMPILATION_MODE = wholemodule;
				SWIFT_OPTIMIZATION_LEVEL = "-O";
				VALIDATE_PRODUCT = YES;
			};
			name = Release;
		};
		10F3A3DA290A297100D72947 /* Debug */ = {
			isa = XCBuildConfiguration;
			buildSettings = {
				ASSETCATALOG_COMPILER_APPICON_NAME = AppIcon;
				ASSETCATALOG_COMPILER_GLOBAL_ACCENT_COLOR_NAME = AccentColor;
				CODE_SIGN_STYLE = Automatic;
				CURRENT_PROJECT_VERSION = 1;
				DEVELOPMENT_TEAM = 2V3TP9LKLS;
				GENERATE_INFOPLIST_FILE = YES;
				INFOPLIST_FILE = "2FA iOS App/Info.plist";
				INFOPLIST_KEY_UIApplicationSupportsIndirectInputEvents = YES;
				INFOPLIST_KEY_UILaunchStoryboardName = LaunchScreen;
				INFOPLIST_KEY_UIMainStoryboardFile = Main;
				INFOPLIST_KEY_UISupportedInterfaceOrientations_iPad = "UIInterfaceOrientationPortrait UIInterfaceOrientationPortraitUpsideDown UIInterfaceOrientationLandscapeLeft UIInterfaceOrientationLandscapeRight";
				INFOPLIST_KEY_UISupportedInterfaceOrientations_iPhone = "UIInterfaceOrientationPortrait UIInterfaceOrientationLandscapeLeft UIInterfaceOrientationLandscapeRight";
				LD_RUNPATH_SEARCH_PATHS = (
					"$(inherited)",
					"@executable_path/Frameworks",
				);
				MARKETING_VERSION = 1.0;
				PRODUCT_BUNDLE_IDENTIFIER = "miguel.castellanos.-FA-iOS-App";
				PRODUCT_NAME = "$(TARGET_NAME)";
				SWIFT_EMIT_LOC_STRINGS = YES;
				SWIFT_VERSION = 5.0;
				TARGETED_DEVICE_FAMILY = "1,2";
			};
			name = Debug;
		};
		10F3A3DB290A297100D72947 /* Release */ = {
			isa = XCBuildConfiguration;
			buildSettings = {
				ASSETCATALOG_COMPILER_APPICON_NAME = AppIcon;
				ASSETCATALOG_COMPILER_GLOBAL_ACCENT_COLOR_NAME = AccentColor;
				CODE_SIGN_STYLE = Automatic;
				CURRENT_PROJECT_VERSION = 1;
				DEVELOPMENT_TEAM = 2V3TP9LKLS;
				GENERATE_INFOPLIST_FILE = YES;
				INFOPLIST_FILE = "2FA iOS App/Info.plist";
				INFOPLIST_KEY_UIApplicationSupportsIndirectInputEvents = YES;
				INFOPLIST_KEY_UILaunchStoryboardName = LaunchScreen;
				INFOPLIST_KEY_UIMainStoryboardFile = Main;
				INFOPLIST_KEY_UISupportedInterfaceOrientations_iPad = "UIInterfaceOrientationPortrait UIInterfaceOrientationPortraitUpsideDown UIInterfaceOrientationLandscapeLeft UIInterfaceOrientationLandscapeRight";
				INFOPLIST_KEY_UISupportedInterfaceOrientations_iPhone = "UIInterfaceOrientationPortrait UIInterfaceOrientationLandscapeLeft UIInterfaceOrientationLandscapeRight";
				LD_RUNPATH_SEARCH_PATHS = (
					"$(inherited)",
					"@executable_path/Frameworks",
				);
				MARKETING_VERSION = 1.0;
				PRODUCT_BUNDLE_IDENTIFIER = "miguel.castellanos.-FA-iOS-App";
				PRODUCT_NAME = "$(TARGET_NAME)";
				SWIFT_EMIT_LOC_STRINGS = YES;
				SWIFT_VERSION = 5.0;
				TARGETED_DEVICE_FAMILY = "1,2";
			};
			name = Release;
		};
/* End XCBuildConfiguration section */

/* Begin XCConfigurationList section */
		10F3A3C0290A296F00D72947 /* Build configuration list for PBXProject "2FA iOS App" */ = {
			isa = XCConfigurationList;
			buildConfigurations = (
				10F3A3D7290A297100D72947 /* Debug */,
				10F3A3D8290A297100D72947 /* Release */,
			);
			defaultConfigurationIsVisible = 0;
			defaultConfigurationName = Release;
		};
		10F3A3D9290A297100D72947 /* Build configuration list for PBXNativeTarget "2FA iOS App" */ = {
			isa = XCConfigurationList;
			buildConfigurations = (
				10F3A3DA290A297100D72947 /* Debug */,
				10F3A3DB290A297100D72947 /* Release */,
			);
			defaultConfigurationIsVisible = 0;
			defaultConfigurationName = Release;
		};
/* End XCConfigurationList section */

/* Begin XCRemoteSwiftPackageReference section */
		104D3DB9290CEB11007A9A79 /* XCRemoteSwiftPackageReference "SwiftOTP" */ = {
			isa = XCRemoteSwiftPackageReference;
			repositoryURL = "https://github.com/lachlanbell/SwiftOTP";
			requirement = {
				branch = master;
				kind = branch;
			};
		};
/* End XCRemoteSwiftPackageReference section */

/* Begin XCSwiftPackageProductDependency section */
		104D3DBA290CEB11007A9A79 /* SwiftOTP */ = {
			isa = XCSwiftPackageProductDependency;
			package = 104D3DB9290CEB11007A9A79 /* XCRemoteSwiftPackageReference "SwiftOTP" */;
			productName = SwiftOTP;
		};
/* End XCSwiftPackageProductDependency section */

/* Begin XCVersionGroup section */
		103BAE22290C6D6F0075AA61 /* DataModel.xcdatamodeld */ = {
			isa = XCVersionGroup;
			children = (
				103BAE23290C6D6F0075AA61 /* DataModel.xcdatamodel */,
			);
			currentVersion = 103BAE23290C6D6F0075AA61 /* DataModel.xcdatamodel */;
			path = DataModel.xcdatamodeld;
			sourceTree = "<group>";
			versionGroupType = wrapper.xcdatamodel;
		};
/* End XCVersionGroup section */
	};
	rootObject = 10F3A3BD290A296F00D72947 /* Project object */;
}
